// !$*UTF8*$!
{
	archiveVersion = 1;
	classes = {
	};
	objectVersion = 56;
	objects = {

/* Begin PBXBuildFile section */
		F918A4842BEBA1D400690C52 /* Constants.swift in Sources */ = {isa = PBXBuildFile; fileRef = F918A4832BEBA1D400690C52 /* Constants.swift */; };
		F9303E352BF8803D005B46A4 /* GameInfoAssembly.swift in Sources */ = {isa = PBXBuildFile; fileRef = F9303E342BF8803D005B46A4 /* GameInfoAssembly.swift */; };
		F95A5C352BFB535800A2AD23 /* GameInfoRouter.swift in Sources */ = {isa = PBXBuildFile; fileRef = F95A5C342BFB535800A2AD23 /* GameInfoRouter.swift */; };
		F95A5C372BFB549500A2AD23 /* GameEnviromentAssembly.swift in Sources */ = {isa = PBXBuildFile; fileRef = F95A5C362BFB549500A2AD23 /* GameEnviromentAssembly.swift */; };
		F95A5C3B2BFB66F300A2AD23 /* GameInfoViewData.swift in Sources */ = {isa = PBXBuildFile; fileRef = F95A5C3A2BFB66F300A2AD23 /* GameInfoViewData.swift */; };
		F9B3EE632BF69BCC006EE9CD /* GameInfoPresenter.swift in Sources */ = {isa = PBXBuildFile; fileRef = F9B3EE622BF69BCC006EE9CD /* GameInfoPresenter.swift */; };
		F9B3EE662BF6B3D8006EE9CD /* Observable.swift in Sources */ = {isa = PBXBuildFile; fileRef = F9B3EE652BF6B3D8006EE9CD /* Observable.swift */; };
		F9B3EE682BF6BA56006EE9CD /* GameEnviromentViewModel.swift in Sources */ = {isa = PBXBuildFile; fileRef = F9B3EE672BF6BA56006EE9CD /* GameEnviromentViewModel.swift */; };
		F9C0F2BE2BF7A3DD00D79E04 /* GameInfoViewController + CollectionView.swift in Sources */ = {isa = PBXBuildFile; fileRef = F9C0F2BD2BF7A3DD00D79E04 /* GameInfoViewController + CollectionView.swift */; };
		F9CC6D0B2BEA4129003EAFDA /* AppDelegate.swift in Sources */ = {isa = PBXBuildFile; fileRef = F9CC6D0A2BEA4129003EAFDA /* AppDelegate.swift */; };
		F9CC6D0D2BEA4129003EAFDA /* SceneDelegate.swift in Sources */ = {isa = PBXBuildFile; fileRef = F9CC6D0C2BEA4129003EAFDA /* SceneDelegate.swift */; };
		F9CC6D0F2BEA4129003EAFDA /* GamesViewController.swift in Sources */ = {isa = PBXBuildFile; fileRef = F9CC6D0E2BEA4129003EAFDA /* GamesViewController.swift */; };
		F9CC6D142BEA412A003EAFDA /* Assets.xcassets in Resources */ = {isa = PBXBuildFile; fileRef = F9CC6D132BEA412A003EAFDA /* Assets.xcassets */; };
		F9CC6D172BEA412A003EAFDA /* Base in Resources */ = {isa = PBXBuildFile; fileRef = F9CC6D162BEA412A003EAFDA /* Base */; };
		F9CC6D202BEA42F0003EAFDA /* GamesView.swift in Sources */ = {isa = PBXBuildFile; fileRef = F9CC6D1F2BEA42F0003EAFDA /* GamesView.swift */; };
		F9CC6D232BEA46D4003EAFDA /* Game.swift in Sources */ = {isa = PBXBuildFile; fileRef = F9CC6D222BEA46D4003EAFDA /* Game.swift */; };
		F9CC6D252BEA4928003EAFDA /* DataSource.swift in Sources */ = {isa = PBXBuildFile; fileRef = F9CC6D242BEA4928003EAFDA /* DataSource.swift */; };
		F9CC6D272BEA523A003EAFDA /* GamesCellView.swift in Sources */ = {isa = PBXBuildFile; fileRef = F9CC6D262BEA523A003EAFDA /* GamesCellView.swift */; };
		F9CC6D292BEA5634003EAFDA /* GamesCollectionDataSource.swift in Sources */ = {isa = PBXBuildFile; fileRef = F9CC6D282BEA5634003EAFDA /* GamesCollectionDataSource.swift */; };
		F9CC6D2B2BEA73FF003EAFDA /* GameEnviroment.swift in Sources */ = {isa = PBXBuildFile; fileRef = F9CC6D2A2BEA73FF003EAFDA /* GameEnviroment.swift */; };
		F9CC6D2D2BEA7540003EAFDA /* MockData.swift in Sources */ = {isa = PBXBuildFile; fileRef = F9CC6D2C2BEA7540003EAFDA /* MockData.swift */; };
		F9CC6D312BEA7B0F003EAFDA /* GameInfoViewController.swift in Sources */ = {isa = PBXBuildFile; fileRef = F9CC6D302BEA7B0F003EAFDA /* GameInfoViewController.swift */; };
		F9CC6D332BEA7B8F003EAFDA /* GameInfoSection.swift in Sources */ = {isa = PBXBuildFile; fileRef = F9CC6D322BEA7B8F003EAFDA /* GameInfoSection.swift */; };
		F9CC6D352BEA7C02003EAFDA /* GameInfoView.swift in Sources */ = {isa = PBXBuildFile; fileRef = F9CC6D342BEA7C02003EAFDA /* GameInfoView.swift */; };
		F9CC6D372BEA7DD6003EAFDA /* ScreenshotCollectionCell.swift in Sources */ = {isa = PBXBuildFile; fileRef = F9CC6D362BEA7DD6003EAFDA /* ScreenshotCollectionCell.swift */; };
		F9CC6D392BEA8000003EAFDA /* DescriptionCollectionCell.swift in Sources */ = {isa = PBXBuildFile; fileRef = F9CC6D382BEA8000003EAFDA /* DescriptionCollectionCell.swift */; };
		F9CC6D3B2BEA81CD003EAFDA /* GameEnviromentsCollectionCell.swift in Sources */ = {isa = PBXBuildFile; fileRef = F9CC6D3A2BEA81CD003EAFDA /* GameEnviromentsCollectionCell.swift */; };
		F9CC6D3F2BEA9711003EAFDA /* HeaderSuplementaryView.swift in Sources */ = {isa = PBXBuildFile; fileRef = F9CC6D3E2BEA9711003EAFDA /* HeaderSuplementaryView.swift */; };
		F9D44C262BEAB233001AA857 /* GameEnviromentViewController.swift in Sources */ = {isa = PBXBuildFile; fileRef = F9D44C252BEAB233001AA857 /* GameEnviromentViewController.swift */; };
/* End PBXBuildFile section */

/* Begin PBXFileReference section */
		F918A4832BEBA1D400690C52 /* Constants.swift */ = {isa = PBXFileReference; lastKnownFileType = sourcecode.swift; path = Constants.swift; sourceTree = "<group>"; };
		F9303E342BF8803D005B46A4 /* GameInfoAssembly.swift */ = {isa = PBXFileReference; lastKnownFileType = sourcecode.swift; path = GameInfoAssembly.swift; sourceTree = "<group>"; };
		F95A5C342BFB535800A2AD23 /* GameInfoRouter.swift */ = {isa = PBXFileReference; lastKnownFileType = sourcecode.swift; path = GameInfoRouter.swift; sourceTree = "<group>"; };
		F95A5C362BFB549500A2AD23 /* GameEnviromentAssembly.swift */ = {isa = PBXFileReference; lastKnownFileType = sourcecode.swift; path = GameEnviromentAssembly.swift; sourceTree = "<group>"; };
		F95A5C3A2BFB66F300A2AD23 /* GameInfoViewData.swift */ = {isa = PBXFileReference; lastKnownFileType = sourcecode.swift; path = GameInfoViewData.swift; sourceTree = "<group>"; };
		F9B3EE622BF69BCC006EE9CD /* GameInfoPresenter.swift */ = {isa = PBXFileReference; lastKnownFileType = sourcecode.swift; path = GameInfoPresenter.swift; sourceTree = "<group>"; };
		F9B3EE652BF6B3D8006EE9CD /* Observable.swift */ = {isa = PBXFileReference; lastKnownFileType = sourcecode.swift; path = Observable.swift; sourceTree = "<group>"; };
		F9B3EE672BF6BA56006EE9CD /* GameEnviromentViewModel.swift */ = {isa = PBXFileReference; lastKnownFileType = sourcecode.swift; path = GameEnviromentViewModel.swift; sourceTree = "<group>"; };
		F9C0F2BD2BF7A3DD00D79E04 /* GameInfoViewController + CollectionView.swift */ = {isa = PBXFileReference; lastKnownFileType = sourcecode.swift; path = "GameInfoViewController + CollectionView.swift"; sourceTree = "<group>"; };
		F9CC6D072BEA4129003EAFDA /* Homework4.app */ = {isa = PBXFileReference; explicitFileType = wrapper.application; includeInIndex = 0; path = Homework4.app; sourceTree = BUILT_PRODUCTS_DIR; };
		F9CC6D0A2BEA4129003EAFDA /* AppDelegate.swift */ = {isa = PBXFileReference; lastKnownFileType = sourcecode.swift; path = AppDelegate.swift; sourceTree = "<group>"; };
		F9CC6D0C2BEA4129003EAFDA /* SceneDelegate.swift */ = {isa = PBXFileReference; lastKnownFileType = sourcecode.swift; path = SceneDelegate.swift; sourceTree = "<group>"; };
		F9CC6D0E2BEA4129003EAFDA /* GamesViewController.swift */ = {isa = PBXFileReference; lastKnownFileType = sourcecode.swift; path = GamesViewController.swift; sourceTree = "<group>"; };
		F9CC6D132BEA412A003EAFDA /* Assets.xcassets */ = {isa = PBXFileReference; lastKnownFileType = folder.assetcatalog; path = Assets.xcassets; sourceTree = "<group>"; };
		F9CC6D162BEA412A003EAFDA /* Base */ = {isa = PBXFileReference; lastKnownFileType = file.storyboard; name = Base; path = Base.lproj/LaunchScreen.storyboard; sourceTree = "<group>"; };
		F9CC6D182BEA412A003EAFDA /* Info.plist */ = {isa = PBXFileReference; lastKnownFileType = text.plist.xml; path = Info.plist; sourceTree = "<group>"; };
		F9CC6D1F2BEA42F0003EAFDA /* GamesView.swift */ = {isa = PBXFileReference; lastKnownFileType = sourcecode.swift; path = GamesView.swift; sourceTree = "<group>"; };
		F9CC6D222BEA46D4003EAFDA /* Game.swift */ = {isa = PBXFileReference; lastKnownFileType = sourcecode.swift; path = Game.swift; sourceTree = "<group>"; };
		F9CC6D242BEA4928003EAFDA /* DataSource.swift */ = {isa = PBXFileReference; lastKnownFileType = sourcecode.swift; path = DataSource.swift; sourceTree = "<group>"; };
		F9CC6D262BEA523A003EAFDA /* GamesCellView.swift */ = {isa = PBXFileReference; lastKnownFileType = sourcecode.swift; path = GamesCellView.swift; sourceTree = "<group>"; };
		F9CC6D282BEA5634003EAFDA /* GamesCollectionDataSource.swift */ = {isa = PBXFileReference; lastKnownFileType = sourcecode.swift; path = GamesCollectionDataSource.swift; sourceTree = "<group>"; };
		F9CC6D2A2BEA73FF003EAFDA /* GameEnviroment.swift */ = {isa = PBXFileReference; lastKnownFileType = sourcecode.swift; path = GameEnviroment.swift; sourceTree = "<group>"; };
		F9CC6D2C2BEA7540003EAFDA /* MockData.swift */ = {isa = PBXFileReference; lastKnownFileType = sourcecode.swift; path = MockData.swift; sourceTree = "<group>"; };
		F9CC6D302BEA7B0F003EAFDA /* GameInfoViewController.swift */ = {isa = PBXFileReference; lastKnownFileType = sourcecode.swift; path = GameInfoViewController.swift; sourceTree = "<group>"; };
		F9CC6D322BEA7B8F003EAFDA /* GameInfoSection.swift */ = {isa = PBXFileReference; lastKnownFileType = sourcecode.swift; path = GameInfoSection.swift; sourceTree = "<group>"; };
		F9CC6D342BEA7C02003EAFDA /* GameInfoView.swift */ = {isa = PBXFileReference; lastKnownFileType = sourcecode.swift; path = GameInfoView.swift; sourceTree = "<group>"; };
		F9CC6D362BEA7DD6003EAFDA /* ScreenshotCollectionCell.swift */ = {isa = PBXFileReference; lastKnownFileType = sourcecode.swift; path = ScreenshotCollectionCell.swift; sourceTree = "<group>"; };
		F9CC6D382BEA8000003EAFDA /* DescriptionCollectionCell.swift */ = {isa = PBXFileReference; lastKnownFileType = sourcecode.swift; path = DescriptionCollectionCell.swift; sourceTree = "<group>"; };
		F9CC6D3A2BEA81CD003EAFDA /* GameEnviromentsCollectionCell.swift */ = {isa = PBXFileReference; lastKnownFileType = sourcecode.swift; path = GameEnviromentsCollectionCell.swift; sourceTree = "<group>"; };
		F9CC6D3E2BEA9711003EAFDA /* HeaderSuplementaryView.swift */ = {isa = PBXFileReference; lastKnownFileType = sourcecode.swift; path = HeaderSuplementaryView.swift; sourceTree = "<group>"; };
		F9D44C252BEAB233001AA857 /* GameEnviromentViewController.swift */ = {isa = PBXFileReference; lastKnownFileType = sourcecode.swift; path = GameEnviromentViewController.swift; sourceTree = "<group>"; };
/* End PBXFileReference section */

/* Begin PBXFrameworksBuildPhase section */
		F9CC6D042BEA4129003EAFDA /* Frameworks */ = {
			isa = PBXFrameworksBuildPhase;
			buildActionMask = 2147483647;
			files = (
			);
			runOnlyForDeploymentPostprocessing = 0;
		};
/* End PBXFrameworksBuildPhase section */

/* Begin PBXGroup section */
		F918A4822BEBA1C400690C52 /* Utils */ = {
			isa = PBXGroup;
			children = (
				F918A4832BEBA1D400690C52 /* Constants.swift */,
			);
			path = Utils;
			sourceTree = "<group>";
		};
		F9303E322BF88000005B46A4 /* View */ = {
			isa = PBXGroup;
			children = (
				F9C0F2BF2BF7A60D00D79E04 /* CollectionViews */,
				F9C0F2BD2BF7A3DD00D79E04 /* GameInfoViewController + CollectionView.swift */,
				F9CC6D302BEA7B0F003EAFDA /* GameInfoViewController.swift */,
				F9CC6D342BEA7C02003EAFDA /* GameInfoView.swift */,
				F95A5C3A2BFB66F300A2AD23 /* GameInfoViewData.swift */,
			);
			path = View;
			sourceTree = "<group>";
		};
		F9303E332BF88013005B46A4 /* Presenter */ = {
			isa = PBXGroup;
			children = (
				F9B3EE622BF69BCC006EE9CD /* GameInfoPresenter.swift */,
			);
			path = Presenter;
			sourceTree = "<group>";
		};
		F9303E362BF88B2A005B46A4 /* Screens */ = {
			isa = PBXGroup;
			children = (
				F9CC6D1E2BEA41D5003EAFDA /* GamesScreen */,
				F9CC6D2E2BEA7A63003EAFDA /* GameInfoScreen */,
				F9D44C242BEAB219001AA857 /* GameEnviromentModalScreen */,
			);
			path = Screens;
			sourceTree = "<group>";
		};
		F95A5C332BFB533900A2AD23 /* Router */ = {
			isa = PBXGroup;
			children = (
				F95A5C342BFB535800A2AD23 /* GameInfoRouter.swift */,
			);
			path = Router;
			sourceTree = "<group>";
		};
		F95A5C3C2BFB6ABC00A2AD23 /* View */ = {
			isa = PBXGroup;
			children = (
				F9CC6D1F2BEA42F0003EAFDA /* GamesView.swift */,
				F9CC6D262BEA523A003EAFDA /* GamesCellView.swift */,
				F9CC6D282BEA5634003EAFDA /* GamesCollectionDataSource.swift */,
			);
			path = View;
			sourceTree = "<group>";
		};
		F95A5C3D2BFB6AC400A2AD23 /* Controller */ = {
			isa = PBXGroup;
			children = (
				F9CC6D0E2BEA4129003EAFDA /* GamesViewController.swift */,
			);
			path = Controller;
			sourceTree = "<group>";
		};
		F95A5C3E2BFB6B0000A2AD23 /* View */ = {
			isa = PBXGroup;
			children = (
				F9D44C252BEAB233001AA857 /* GameEnviromentViewController.swift */,
			);
			path = View;
			sourceTree = "<group>";
		};
		F95A5C3F2BFB6B0D00A2AD23 /* ViewModel */ = {
			isa = PBXGroup;
			children = (
				F9B3EE672BF6BA56006EE9CD /* GameEnviromentViewModel.swift */,
			);
			path = ViewModel;
			sourceTree = "<group>";
		};
		F9B3EE642BF6B3C5006EE9CD /* Helpers */ = {
			isa = PBXGroup;
			children = (
				F9B3EE652BF6B3D8006EE9CD /* Observable.swift */,
			);
			path = Helpers;
			sourceTree = "<group>";
		};
		F9C0F2BF2BF7A60D00D79E04 /* CollectionViews */ = {
			isa = PBXGroup;
			children = (
				F9CC6D3E2BEA9711003EAFDA /* HeaderSuplementaryView.swift */,
				F9CC6D362BEA7DD6003EAFDA /* ScreenshotCollectionCell.swift */,
				F9CC6D382BEA8000003EAFDA /* DescriptionCollectionCell.swift */,
				F9CC6D3A2BEA81CD003EAFDA /* GameEnviromentsCollectionCell.swift */,
			);
			path = CollectionViews;
			sourceTree = "<group>";
		};
		F9CC6CFE2BEA4129003EAFDA = {
			isa = PBXGroup;
			children = (
				F9CC6D092BEA4129003EAFDA /* Homework4 */,
				F9CC6D082BEA4129003EAFDA /* Products */,
			);
			sourceTree = "<group>";
		};
		F9CC6D082BEA4129003EAFDA /* Products */ = {
			isa = PBXGroup;
			children = (
				F9CC6D072BEA4129003EAFDA /* Homework4.app */,
			);
			name = Products;
			sourceTree = "<group>";
		};
		F9CC6D092BEA4129003EAFDA /* Homework4 */ = {
			isa = PBXGroup;
			children = (
				F9303E362BF88B2A005B46A4 /* Screens */,
				F9B3EE642BF6B3C5006EE9CD /* Helpers */,
				F918A4822BEBA1C400690C52 /* Utils */,
				F9CC6D2F2BEA7A7C003EAFDA /* Application */,
				F9CC6D212BEA46C9003EAFDA /* Model */,
				F9CC6D182BEA412A003EAFDA /* Info.plist */,
				F9CC6D132BEA412A003EAFDA /* Assets.xcassets */,
			);
			path = Homework4;
			sourceTree = "<group>";
		};
		F9CC6D1E2BEA41D5003EAFDA /* GamesScreen */ = {
			isa = PBXGroup;
			children = (
				F95A5C3D2BFB6AC400A2AD23 /* Controller */,
				F95A5C3C2BFB6ABC00A2AD23 /* View */,
			);
			path = GamesScreen;
			sourceTree = "<group>";
		};
		F9CC6D212BEA46C9003EAFDA /* Model */ = {
			isa = PBXGroup;
			children = (
				F9CC6D242BEA4928003EAFDA /* DataSource.swift */,
				F9CC6D2C2BEA7540003EAFDA /* MockData.swift */,
				F9CC6D222BEA46D4003EAFDA /* Game.swift */,
				F9CC6D2A2BEA73FF003EAFDA /* GameEnviroment.swift */,
				F9CC6D322BEA7B8F003EAFDA /* GameInfoSection.swift */,
			);
			path = Model;
			sourceTree = "<group>";
		};
		F9CC6D2E2BEA7A63003EAFDA /* GameInfoScreen */ = {
			isa = PBXGroup;
			children = (
				F95A5C332BFB533900A2AD23 /* Router */,
				F9303E332BF88013005B46A4 /* Presenter */,
				F9303E322BF88000005B46A4 /* View */,
				F9303E342BF8803D005B46A4 /* GameInfoAssembly.swift */,
			);
			path = GameInfoScreen;
			sourceTree = "<group>";
		};
		F9CC6D2F2BEA7A7C003EAFDA /* Application */ = {
			isa = PBXGroup;
			children = (
				F9CC6D0A2BEA4129003EAFDA /* AppDelegate.swift */,
				F9CC6D0C2BEA4129003EAFDA /* SceneDelegate.swift */,
				F9CC6D152BEA412A003EAFDA /* LaunchScreen.storyboard */,
			);
			path = Application;
			sourceTree = "<group>";
		};
		F9D44C242BEAB219001AA857 /* GameEnviromentModalScreen */ = {
			isa = PBXGroup;
			children = (
				F95A5C3F2BFB6B0D00A2AD23 /* ViewModel */,
				F95A5C3E2BFB6B0000A2AD23 /* View */,
				F95A5C362BFB549500A2AD23 /* GameEnviromentAssembly.swift */,
			);
			path = GameEnviromentModalScreen;
			sourceTree = "<group>";
		};
/* End PBXGroup section */

/* Begin PBXNativeTarget section */
		F9CC6D062BEA4129003EAFDA /* Homework4 */ = {
			isa = PBXNativeTarget;
			buildConfigurationList = F9CC6D1B2BEA412A003EAFDA /* Build configuration list for PBXNativeTarget "Homework4" */;
			buildPhases = (
				F9CC6D032BEA4129003EAFDA /* Sources */,
				F9CC6D042BEA4129003EAFDA /* Frameworks */,
				F9CC6D052BEA4129003EAFDA /* Resources */,
			);
			buildRules = (
			);
			dependencies = (
			);
			name = Homework4;
			productName = Homework4;
			productReference = F9CC6D072BEA4129003EAFDA /* Homework4.app */;
			productType = "com.apple.product-type.application";
		};
/* End PBXNativeTarget section */

/* Begin PBXProject section */
		F9CC6CFF2BEA4129003EAFDA /* Project object */ = {
			isa = PBXProject;
			attributes = {
				BuildIndependentTargetsInParallel = 1;
				LastSwiftUpdateCheck = 1530;
				LastUpgradeCheck = 1530;
				TargetAttributes = {
					F9CC6D062BEA4129003EAFDA = {
						CreatedOnToolsVersion = 15.3;
					};
				};
			};
			buildConfigurationList = F9CC6D022BEA4129003EAFDA /* Build configuration list for PBXProject "Homework4" */;
			compatibilityVersion = "Xcode 14.0";
			developmentRegion = en;
			hasScannedForEncodings = 0;
			knownRegions = (
				en,
				Base,
			);
			mainGroup = F9CC6CFE2BEA4129003EAFDA;
			productRefGroup = F9CC6D082BEA4129003EAFDA /* Products */;
			projectDirPath = "";
			projectRoot = "";
			targets = (
				F9CC6D062BEA4129003EAFDA /* Homework4 */,
			);
		};
/* End PBXProject section */

/* Begin PBXResourcesBuildPhase section */
		F9CC6D052BEA4129003EAFDA /* Resources */ = {
			isa = PBXResourcesBuildPhase;
			buildActionMask = 2147483647;
			files = (
				F9CC6D142BEA412A003EAFDA /* Assets.xcassets in Resources */,
				F9CC6D172BEA412A003EAFDA /* Base in Resources */,
			);
			runOnlyForDeploymentPostprocessing = 0;
		};
/* End PBXResourcesBuildPhase section */

/* Begin PBXSourcesBuildPhase section */
		F9CC6D032BEA4129003EAFDA /* Sources */ = {
			isa = PBXSourcesBuildPhase;
			buildActionMask = 2147483647;
			files = (
				F95A5C372BFB549500A2AD23 /* GameEnviromentAssembly.swift in Sources */,
				F9CC6D2B2BEA73FF003EAFDA /* GameEnviroment.swift in Sources */,
				F9CC6D252BEA4928003EAFDA /* DataSource.swift in Sources */,
				F9CC6D0F2BEA4129003EAFDA /* GamesViewController.swift in Sources */,
				F9CC6D232BEA46D4003EAFDA /* Game.swift in Sources */,
				F9CC6D272BEA523A003EAFDA /* GamesCellView.swift in Sources */,
				F9CC6D352BEA7C02003EAFDA /* GameInfoView.swift in Sources */,
				F9CC6D0B2BEA4129003EAFDA /* AppDelegate.swift in Sources */,
				F9B3EE632BF69BCC006EE9CD /* GameInfoPresenter.swift in Sources */,
				F95A5C3B2BFB66F300A2AD23 /* GameInfoViewData.swift in Sources */,
				F9CC6D202BEA42F0003EAFDA /* GamesView.swift in Sources */,
				F9D44C262BEAB233001AA857 /* GameEnviromentViewController.swift in Sources */,
				F9CC6D332BEA7B8F003EAFDA /* GameInfoSection.swift in Sources */,
				F918A4842BEBA1D400690C52 /* Constants.swift in Sources */,
				F9CC6D372BEA7DD6003EAFDA /* ScreenshotCollectionCell.swift in Sources */,
				F9C0F2BE2BF7A3DD00D79E04 /* GameInfoViewController + CollectionView.swift in Sources */,
				F9CC6D292BEA5634003EAFDA /* GamesCollectionDataSource.swift in Sources */,
				F9303E352BF8803D005B46A4 /* GameInfoAssembly.swift in Sources */,
				F9CC6D3F2BEA9711003EAFDA /* HeaderSuplementaryView.swift in Sources */,
				F9CC6D312BEA7B0F003EAFDA /* GameInfoViewController.swift in Sources */,
				F95A5C352BFB535800A2AD23 /* GameInfoRouter.swift in Sources */,
				F9CC6D0D2BEA4129003EAFDA /* SceneDelegate.swift in Sources */,
				F9CC6D392BEA8000003EAFDA /* DescriptionCollectionCell.swift in Sources */,
				F9CC6D3B2BEA81CD003EAFDA /* GameEnviromentsCollectionCell.swift in Sources */,
				F9CC6D2D2BEA7540003EAFDA /* MockData.swift in Sources */,
				F9B3EE682BF6BA56006EE9CD /* GameEnviromentViewModel.swift in Sources */,
				F9B3EE662BF6B3D8006EE9CD /* Observable.swift in Sources */,
			);
			runOnlyForDeploymentPostprocessing = 0;
		};
/* End PBXSourcesBuildPhase section */

/* Begin PBXVariantGroup section */
		F9CC6D152BEA412A003EAFDA /* LaunchScreen.storyboard */ = {
			isa = PBXVariantGroup;
			children = (
				F9CC6D162BEA412A003EAFDA /* Base */,
			);
			name = LaunchScreen.storyboard;
			sourceTree = "<group>";
		};
/* End PBXVariantGroup section */

/* Begin XCBuildConfiguration section */
		F9CC6D192BEA412A003EAFDA /* Debug */ = {
			isa = XCBuildConfiguration;
			buildSettings = {
				ALWAYS_SEARCH_USER_PATHS = NO;
				ASSETCATALOG_COMPILER_GENERATE_SWIFT_ASSET_SYMBOL_EXTENSIONS = YES;
				CLANG_ANALYZER_NONNULL = YES;
				CLANG_ANALYZER_NUMBER_OBJECT_CONVERSION = YES_AGGRESSIVE;
				CLANG_CXX_LANGUAGE_STANDARD = "gnu++20";
				CLANG_ENABLE_MODULES = YES;
				CLANG_ENABLE_OBJC_ARC = YES;
				CLANG_ENABLE_OBJC_WEAK = YES;
				CLANG_WARN_BLOCK_CAPTURE_AUTORELEASING = YES;
				CLANG_WARN_BOOL_CONVERSION = YES;
				CLANG_WARN_COMMA = YES;
				CLANG_WARN_CONSTANT_CONVERSION = YES;
				CLANG_WARN_DEPRECATED_OBJC_IMPLEMENTATIONS = YES;
				CLANG_WARN_DIRECT_OBJC_ISA_USAGE = YES_ERROR;
				CLANG_WARN_DOCUMENTATION_COMMENTS = YES;
				CLANG_WARN_EMPTY_BODY = YES;
				CLANG_WARN_ENUM_CONVERSION = YES;
				CLANG_WARN_INFINITE_RECURSION = YES;
				CLANG_WARN_INT_CONVERSION = YES;
				CLANG_WARN_NON_LITERAL_NULL_CONVERSION = YES;
				CLANG_WARN_OBJC_IMPLICIT_RETAIN_SELF = YES;
				CLANG_WARN_OBJC_LITERAL_CONVERSION = YES;
				CLANG_WARN_OBJC_ROOT_CLASS = YES_ERROR;
				CLANG_WARN_QUOTED_INCLUDE_IN_FRAMEWORK_HEADER = YES;
				CLANG_WARN_RANGE_LOOP_ANALYSIS = YES;
				CLANG_WARN_STRICT_PROTOTYPES = YES;
				CLANG_WARN_SUSPICIOUS_MOVE = YES;
				CLANG_WARN_UNGUARDED_AVAILABILITY = YES_AGGRESSIVE;
				CLANG_WARN_UNREACHABLE_CODE = YES;
				CLANG_WARN__DUPLICATE_METHOD_MATCH = YES;
				COPY_PHASE_STRIP = NO;
				DEBUG_INFORMATION_FORMAT = dwarf;
				ENABLE_STRICT_OBJC_MSGSEND = YES;
				ENABLE_TESTABILITY = YES;
				ENABLE_USER_SCRIPT_SANDBOXING = YES;
				GCC_C_LANGUAGE_STANDARD = gnu17;
				GCC_DYNAMIC_NO_PIC = NO;
				GCC_NO_COMMON_BLOCKS = YES;
				GCC_OPTIMIZATION_LEVEL = 0;
				GCC_PREPROCESSOR_DEFINITIONS = (
					"DEBUG=1",
					"$(inherited)",
				);
				GCC_WARN_64_TO_32_BIT_CONVERSION = YES;
				GCC_WARN_ABOUT_RETURN_TYPE = YES_ERROR;
				GCC_WARN_UNDECLARED_SELECTOR = YES;
				GCC_WARN_UNINITIALIZED_AUTOS = YES_AGGRESSIVE;
				GCC_WARN_UNUSED_FUNCTION = YES;
				GCC_WARN_UNUSED_VARIABLE = YES;
				IPHONEOS_DEPLOYMENT_TARGET = 17.4;
				LOCALIZATION_PREFERS_STRING_CATALOGS = YES;
				MTL_ENABLE_DEBUG_INFO = INCLUDE_SOURCE;
				MTL_FAST_MATH = YES;
				ONLY_ACTIVE_ARCH = YES;
				SDKROOT = iphoneos;
				SWIFT_ACTIVE_COMPILATION_CONDITIONS = "DEBUG $(inherited)";
				SWIFT_OPTIMIZATION_LEVEL = "-Onone";
			};
			name = Debug;
		};
		F9CC6D1A2BEA412A003EAFDA /* Release */ = {
			isa = XCBuildConfiguration;
			buildSettings = {
				ALWAYS_SEARCH_USER_PATHS = NO;
				ASSETCATALOG_COMPILER_GENERATE_SWIFT_ASSET_SYMBOL_EXTENSIONS = YES;
				CLANG_ANALYZER_NONNULL = YES;
				CLANG_ANALYZER_NUMBER_OBJECT_CONVERSION = YES_AGGRESSIVE;
				CLANG_CXX_LANGUAGE_STANDARD = "gnu++20";
				CLANG_ENABLE_MODULES = YES;
				CLANG_ENABLE_OBJC_ARC = YES;
				CLANG_ENABLE_OBJC_WEAK = YES;
				CLANG_WARN_BLOCK_CAPTURE_AUTORELEASING = YES;
				CLANG_WARN_BOOL_CONVERSION = YES;
				CLANG_WARN_COMMA = YES;
				CLANG_WARN_CONSTANT_CONVERSION = YES;
				CLANG_WARN_DEPRECATED_OBJC_IMPLEMENTATIONS = YES;
				CLANG_WARN_DIRECT_OBJC_ISA_USAGE = YES_ERROR;
				CLANG_WARN_DOCUMENTATION_COMMENTS = YES;
				CLANG_WARN_EMPTY_BODY = YES;
				CLANG_WARN_ENUM_CONVERSION = YES;
				CLANG_WARN_INFINITE_RECURSION = YES;
				CLANG_WARN_INT_CONVERSION = YES;
				CLANG_WARN_NON_LITERAL_NULL_CONVERSION = YES;
				CLANG_WARN_OBJC_IMPLICIT_RETAIN_SELF = YES;
				CLANG_WARN_OBJC_LITERAL_CONVERSION = YES;
				CLANG_WARN_OBJC_ROOT_CLASS = YES_ERROR;
				CLANG_WARN_QUOTED_INCLUDE_IN_FRAMEWORK_HEADER = YES;
				CLANG_WARN_RANGE_LOOP_ANALYSIS = YES;
				CLANG_WARN_STRICT_PROTOTYPES = YES;
				CLANG_WARN_SUSPICIOUS_MOVE = YES;
				CLANG_WARN_UNGUARDED_AVAILABILITY = YES_AGGRESSIVE;
				CLANG_WARN_UNREACHABLE_CODE = YES;
				CLANG_WARN__DUPLICATE_METHOD_MATCH = YES;
				COPY_PHASE_STRIP = NO;
				DEBUG_INFORMATION_FORMAT = "dwarf-with-dsym";
				ENABLE_NS_ASSERTIONS = NO;
				ENABLE_STRICT_OBJC_MSGSEND = YES;
				ENABLE_USER_SCRIPT_SANDBOXING = YES;
				GCC_C_LANGUAGE_STANDARD = gnu17;
				GCC_NO_COMMON_BLOCKS = YES;
				GCC_WARN_64_TO_32_BIT_CONVERSION = YES;
				GCC_WARN_ABOUT_RETURN_TYPE = YES_ERROR;
				GCC_WARN_UNDECLARED_SELECTOR = YES;
				GCC_WARN_UNINITIALIZED_AUTOS = YES_AGGRESSIVE;
				GCC_WARN_UNUSED_FUNCTION = YES;
				GCC_WARN_UNUSED_VARIABLE = YES;
				IPHONEOS_DEPLOYMENT_TARGET = 17.4;
				LOCALIZATION_PREFERS_STRING_CATALOGS = YES;
				MTL_ENABLE_DEBUG_INFO = NO;
				MTL_FAST_MATH = YES;
				SDKROOT = iphoneos;
				SWIFT_COMPILATION_MODE = wholemodule;
				VALIDATE_PRODUCT = YES;
			};
			name = Release;
		};
		F9CC6D1C2BEA412A003EAFDA /* Debug */ = {
			isa = XCBuildConfiguration;
			buildSettings = {
				ASSETCATALOG_COMPILER_APPICON_NAME = AppIcon;
				ASSETCATALOG_COMPILER_GLOBAL_ACCENT_COLOR_NAME = AccentColor;
				CODE_SIGN_STYLE = Automatic;
				CURRENT_PROJECT_VERSION = 1;
				DEVELOPMENT_TEAM = QQ3S8U588L;
				ENABLE_USER_SCRIPT_SANDBOXING = NO;
				GENERATE_INFOPLIST_FILE = YES;
				INFOPLIST_FILE = Homework4/Info.plist;
				INFOPLIST_KEY_UIApplicationSupportsIndirectInputEvents = YES;
				INFOPLIST_KEY_UILaunchStoryboardName = LaunchScreen;
				INFOPLIST_KEY_UISupportedInterfaceOrientations_iPad = "UIInterfaceOrientationPortrait UIInterfaceOrientationPortraitUpsideDown UIInterfaceOrientationLandscapeLeft UIInterfaceOrientationLandscapeRight";
				INFOPLIST_KEY_UISupportedInterfaceOrientations_iPhone = "UIInterfaceOrientationPortrait UIInterfaceOrientationLandscapeLeft UIInterfaceOrientationLandscapeRight";
				LD_RUNPATH_SEARCH_PATHS = (
					"$(inherited)",
					"@executable_path/Frameworks",
				);
				MARKETING_VERSION = 1.0;
				PRODUCT_BUNDLE_IDENTIFIER = jykaswift.Homework4;
				PRODUCT_NAME = "$(TARGET_NAME)";
				SUPPORTED_PLATFORMS = "iphoneos iphonesimulator";
				SUPPORTS_MACCATALYST = NO;
				SUPPORTS_MAC_DESIGNED_FOR_IPHONE_IPAD = NO;
				SUPPORTS_XR_DESIGNED_FOR_IPHONE_IPAD = NO;
				SWIFT_EMIT_LOC_STRINGS = YES;
				SWIFT_VERSION = 5.0;
				TARGETED_DEVICE_FAMILY = 1;
			};
			name = Debug;
		};
		F9CC6D1D2BEA412A003EAFDA /* Release */ = {
			isa = XCBuildConfiguration;
			buildSettings = {
				ASSETCATALOG_COMPILER_APPICON_NAME = AppIcon;
				ASSETCATALOG_COMPILER_GLOBAL_ACCENT_COLOR_NAME = AccentColor;
				CODE_SIGN_STYLE = Automatic;
				CURRENT_PROJECT_VERSION = 1;
				DEVELOPMENT_TEAM = QQ3S8U588L;
				ENABLE_USER_SCRIPT_SANDBOXING = NO;
				GENERATE_INFOPLIST_FILE = YES;
				INFOPLIST_FILE = Homework4/Info.plist;
				INFOPLIST_KEY_UIApplicationSupportsIndirectInputEvents = YES;
				INFOPLIST_KEY_UILaunchStoryboardName = LaunchScreen;
				INFOPLIST_KEY_UISupportedInterfaceOrientations_iPad = "UIInterfaceOrientationPortrait UIInterfaceOrientationPortraitUpsideDown UIInterfaceOrientationLandscapeLeft UIInterfaceOrientationLandscapeRight";
				INFOPLIST_KEY_UISupportedInterfaceOrientations_iPhone = "UIInterfaceOrientationPortrait UIInterfaceOrientationLandscapeLeft UIInterfaceOrientationLandscapeRight";
				LD_RUNPATH_SEARCH_PATHS = (
					"$(inherited)",
					"@executable_path/Frameworks",
				);
				MARKETING_VERSION = 1.0;
				PRODUCT_BUNDLE_IDENTIFIER = jykaswift.Homework4;
				PRODUCT_NAME = "$(TARGET_NAME)";
				SUPPORTED_PLATFORMS = "iphoneos iphonesimulator";
				SUPPORTS_MACCATALYST = NO;
				SUPPORTS_MAC_DESIGNED_FOR_IPHONE_IPAD = NO;
				SUPPORTS_XR_DESIGNED_FOR_IPHONE_IPAD = NO;
				SWIFT_EMIT_LOC_STRINGS = YES;
				SWIFT_VERSION = 5.0;
				TARGETED_DEVICE_FAMILY = 1;
			};
			name = Release;
		};
/* End XCBuildConfiguration section */

/* Begin XCConfigurationList section */
		F9CC6D022BEA4129003EAFDA /* Build configuration list for PBXProject "Homework4" */ = {
			isa = XCConfigurationList;
			buildConfigurations = (
				F9CC6D192BEA412A003EAFDA /* Debug */,
				F9CC6D1A2BEA412A003EAFDA /* Release */,
			);
			defaultConfigurationIsVisible = 0;
			defaultConfigurationName = Release;
		};
		F9CC6D1B2BEA412A003EAFDA /* Build configuration list for PBXNativeTarget "Homework4" */ = {
			isa = XCConfigurationList;
			buildConfigurations = (
				F9CC6D1C2BEA412A003EAFDA /* Debug */,
				F9CC6D1D2BEA412A003EAFDA /* Release */,
			);
			defaultConfigurationIsVisible = 0;
			defaultConfigurationName = Release;
		};
/* End XCConfigurationList section */
	};
	rootObject = F9CC6CFF2BEA4129003EAFDA /* Project object */;
}
